// !$*UTF8*$!
{
	archiveVersion = 1;
	classes = {
	};
	objectVersion = 46;
	objects = {

/* Begin PBXBuildFile section */
		2C50133818F4F15D007B9808 /* Foundation.framework in Frameworks */ = {isa = PBXBuildFile; fileRef = 2C50133718F4F15D007B9808 /* Foundation.framework */; };
		2C50133A18F4F15D007B9808 /* CoreGraphics.framework in Frameworks */ = {isa = PBXBuildFile; fileRef = 2C50133918F4F15D007B9808 /* CoreGraphics.framework */; };
		2C50133C18F4F15D007B9808 /* UIKit.framework in Frameworks */ = {isa = PBXBuildFile; fileRef = 2C50133B18F4F15D007B9808 /* UIKit.framework */; };
		2C50134218F4F15D007B9808 /* InfoPlist.strings in Resources */ = {isa = PBXBuildFile; fileRef = 2C50134018F4F15D007B9808 /* InfoPlist.strings */; };
		2C50134418F4F15D007B9808 /* main.m in Sources */ = {isa = PBXBuildFile; fileRef = 2C50134318F4F15D007B9808 /* main.m */; };
		2C50134818F4F15D007B9808 /* YNGAppDelegate.m in Sources */ = {isa = PBXBuildFile; fileRef = 2C50134718F4F15D007B9808 /* YNGAppDelegate.m */; };
		2C50134A18F4F15D007B9808 /* Images.xcassets in Resources */ = {isa = PBXBuildFile; fileRef = 2C50134918F4F15D007B9808 /* Images.xcassets */; };
		2C50135118F4F15D007B9808 /* XCTest.framework in Frameworks */ = {isa = PBXBuildFile; fileRef = 2C50135018F4F15D007B9808 /* XCTest.framework */; };
		2C50135218F4F15D007B9808 /* Foundation.framework in Frameworks */ = {isa = PBXBuildFile; fileRef = 2C50133718F4F15D007B9808 /* Foundation.framework */; };
		2C50135318F4F15D007B9808 /* UIKit.framework in Frameworks */ = {isa = PBXBuildFile; fileRef = 2C50133B18F4F15D007B9808 /* UIKit.framework */; };
		2C50135B18F4F15D007B9808 /* InfoPlist.strings in Resources */ = {isa = PBXBuildFile; fileRef = 2C50135918F4F15D007B9808 /* InfoPlist.strings */; };
		2C50135D18F4F15D007B9808 /* SearchBarStyleMinimalTests.m in Sources */ = {isa = PBXBuildFile; fileRef = 2C50135C18F4F15D007B9808 /* SearchBarStyleMinimalTests.m */; };
		2C50136818F4F196007B9808 /* YNGTableViewController.m in Sources */ = {isa = PBXBuildFile; fileRef = 2C50136718F4F196007B9808 /* YNGTableViewController.m */; };
/* End PBXBuildFile section */

/* Begin PBXContainerItemProxy section */
		2C50135418F4F15D007B9808 /* PBXContainerItemProxy */ = {
			isa = PBXContainerItemProxy;
			containerPortal = 2C50132C18F4F15D007B9808 /* Project object */;
			proxyType = 1;
			remoteGlobalIDString = 2C50133318F4F15D007B9808;
			remoteInfo = SearchBarStyleMinimal;
		};
/* End PBXContainerItemProxy section */

/* Begin PBXFileReference section */
		2C50133418F4F15D007B9808 /* SearchBarStyleMinimal.app */ = {isa = PBXFileReference; explicitFileType = wrapper.application; includeInIndex = 0; path = SearchBarStyleMinimal.app; sourceTree = BUILT_PRODUCTS_DIR; };
		2C50133718F4F15D007B9808 /* Foundation.framework */ = {isa = PBXFileReference; lastKnownFileType = wrapper.framework; name = Foundation.framework; path = System/Library/Frameworks/Foundation.framework; sourceTree = SDKROOT; };
		2C50133918F4F15D007B9808 /* CoreGraphics.framework */ = {isa = PBXFileReference; lastKnownFileType = wrapper.framework; name = CoreGraphics.framework; path = System/Library/Frameworks/CoreGraphics.framework; sourceTree = SDKROOT; };
		2C50133B18F4F15D007B9808 /* UIKit.framework */ = {isa = PBXFileReference; lastKnownFileType = wrapper.framework; name = UIKit.framework; path = System/Library/Frameworks/UIKit.framework; sourceTree = SDKROOT; };
		2C50133F18F4F15D007B9808 /* SearchBarStyleMinimal-Info.plist */ = {isa = PBXFileReference; lastKnownFileType = text.plist.xml; path = "SearchBarStyleMinimal-Info.plist"; sourceTree = "<group>"; };
		2C50134118F4F15D007B9808 /* en */ = {isa = PBXFileReference; lastKnownFileType = text.plist.strings; name = en; path = en.lproj/InfoPlist.strings; sourceTree = "<group>"; };
		2C50134318F4F15D007B9808 /* main.m */ = {isa = PBXFileReference; lastKnownFileType = sourcecode.c.objc; path = main.m; sourceTree = "<group>"; };
		2C50134518F4F15D007B9808 /* SearchBarStyleMinimal-Prefix.pch */ = {isa = PBXFileReference; lastKnownFileType = sourcecode.c.h; path = "SearchBarStyleMinimal-Prefix.pch"; sourceTree = "<group>"; };
		2C50134618F4F15D007B9808 /* YNGAppDelegate.h */ = {isa = PBXFileReference; lastKnownFileType = sourcecode.c.h; path = YNGAppDelegate.h; sourceTree = "<group>"; };
		2C50134718F4F15D007B9808 /* YNGAppDelegate.m */ = {isa = PBXFileReference; lastKnownFileType = sourcecode.c.objc; path = YNGAppDelegate.m; sourceTree = "<group>"; };
		2C50134918F4F15D007B9808 /* Images.xcassets */ = {isa = PBXFileReference; lastKnownFileType = folder.assetcatalog; path = Images.xcassets; sourceTree = "<group>"; };
		2C50134F18F4F15D007B9808 /* SearchBarStyleMinimalTests.xctest */ = {isa = PBXFileReference; explicitFileType = wrapper.cfbundle; includeInIndex = 0; path = SearchBarStyleMinimalTests.xctest; sourceTree = BUILT_PRODUCTS_DIR; };
		2C50135018F4F15D007B9808 /* XCTest.framework */ = {isa = PBXFileReference; lastKnownFileType = wrapper.framework; name = XCTest.framework; path = Library/Frameworks/XCTest.framework; sourceTree = DEVELOPER_DIR; };
		2C50135818F4F15D007B9808 /* SearchBarStyleMinimalTests-Info.plist */ = {isa = PBXFileReference; lastKnownFileType = text.plist.xml; path = "SearchBarStyleMinimalTests-Info.plist"; sourceTree = "<group>"; };
		2C50135A18F4F15D007B9808 /* en */ = {isa = PBXFileReference; lastKnownFileType = text.plist.strings; name = en; path = en.lproj/InfoPlist.strings; sourceTree = "<group>"; };
		2C50135C18F4F15D007B9808 /* SearchBarStyleMinimalTests.m */ = {isa = PBXFileReference; lastKnownFileType = sourcecode.c.objc; path = SearchBarStyleMinimalTests.m; sourceTree = "<group>"; };
		2C50136618F4F196007B9808 /* YNGTableViewController.h */ = {isa = PBXFileReference; fileEncoding = 4; lastKnownFileType = sourcecode.c.h; path = YNGTableViewController.h; sourceTree = "<group>"; };
		2C50136718F4F196007B9808 /* YNGTableViewController.m */ = {isa = PBXFileReference; fileEncoding = 4; lastKnownFileType = sourcecode.c.objc; path = YNGTableViewController.m; sourceTree = "<group>"; };
/* End PBXFileReference section */

/* Begin PBXFrameworksBuildPhase section */
		2C50133118F4F15D007B9808 /* Frameworks */ = {
			isa = PBXFrameworksBuildPhase;
			buildActionMask = 2147483647;
			files = (
				2C50133A18F4F15D007B9808 /* CoreGraphics.framework in Frameworks */,
				2C50133C18F4F15D007B9808 /* UIKit.framework in Frameworks */,
				2C50133818F4F15D007B9808 /* Foundation.framework in Frameworks */,
			);
			runOnlyForDeploymentPostprocessing = 0;
		};
		2C50134C18F4F15D007B9808 /* Frameworks */ = {
			isa = PBXFrameworksBuildPhase;
			buildActionMask = 2147483647;
			files = (
				2C50135118F4F15D007B9808 /* XCTest.framework in Frameworks */,
				2C50135318F4F15D007B9808 /* UIKit.framework in Frameworks */,
				2C50135218F4F15D007B9808 /* Foundation.framework in Frameworks */,
			);
			runOnlyForDeploymentPostprocessing = 0;
		};
/* End PBXFrameworksBuildPhase section */

/* Begin PBXGroup section */
		2C50132B18F4F15D007B9808 = {
			isa = PBXGroup;
			children = (
				2C50133D18F4F15D007B9808 /* SearchBarStyleMinimal */,
				2C50135618F4F15D007B9808 /* SearchBarStyleMinimalTests */,
				2C50133618F4F15D007B9808 /* Frameworks */,
				2C50133518F4F15D007B9808 /* Products */,
			);
			sourceTree = "<group>";
		};
		2C50133518F4F15D007B9808 /* Products */ = {
			isa = PBXGroup;
			children = (
				2C50133418F4F15D007B9808 /* SearchBarStyleMinimal.app */,
				2C50134F18F4F15D007B9808 /* SearchBarStyleMinimalTests.xctest */,
			);
			name = Products;
			sourceTree = "<group>";
		};
		2C50133618F4F15D007B9808 /* Frameworks */ = {
			isa = PBXGroup;
			children = (
				2C50133718F4F15D007B9808 /* Foundation.framework */,
				2C50133918F4F15D007B9808 /* CoreGraphics.framework */,
				2C50133B18F4F15D007B9808 /* UIKit.framework */,
				2C50135018F4F15D007B9808 /* XCTest.framework */,
			);
			name = Frameworks;
			sourceTree = "<group>";
		};
		2C50133D18F4F15D007B9808 /* SearchBarStyleMinimal */ = {
			isa = PBXGroup;
			children = (
				2C50134618F4F15D007B9808 /* YNGAppDelegate.h */,
				2C50134718F4F15D007B9808 /* YNGAppDelegate.m */,
				2C50134918F4F15D007B9808 /* Images.xcassets */,
				2C50133E18F4F15D007B9808 /* Supporting Files */,
				2C50136618F4F196007B9808 /* YNGTableViewController.h */,
				2C50136718F4F196007B9808 /* YNGTableViewController.m */,
			);
			path = SearchBarStyleMinimal;
			sourceTree = "<group>";
		};
		2C50133E18F4F15D007B9808 /* Supporting Files */ = {
			isa = PBXGroup;
			children = (
				2C50133F18F4F15D007B9808 /* SearchBarStyleMinimal-Info.plist */,
				2C50134018F4F15D007B9808 /* InfoPlist.strings */,
				2C50134318F4F15D007B9808 /* main.m */,
				2C50134518F4F15D007B9808 /* SearchBarStyleMinimal-Prefix.pch */,
			);
			name = "Supporting Files";
			sourceTree = "<group>";
		};
		2C50135618F4F15D007B9808 /* SearchBarStyleMinimalTests */ = {
			isa = PBXGroup;
			children = (
				2C50135C18F4F15D007B9808 /* SearchBarStyleMinimalTests.m */,
				2C50135718F4F15D007B9808 /* Supporting Files */,
			);
			path = SearchBarStyleMinimalTests;
			sourceTree = "<group>";
		};
		2C50135718F4F15D007B9808 /* Supporting Files */ = {
			isa = PBXGroup;
			children = (
				2C50135818F4F15D007B9808 /* SearchBarStyleMinimalTests-Info.plist */,
				2C50135918F4F15D007B9808 /* InfoPlist.strings */,
			);
			name = "Supporting Files";
			sourceTree = "<group>";
		};
/* End PBXGroup section */

/* Begin PBXNativeTarget section */
		2C50133318F4F15D007B9808 /* SearchBarStyleMinimal */ = {
			isa = PBXNativeTarget;
			buildConfigurationList = 2C50136018F4F15D007B9808 /* Build configuration list for PBXNativeTarget "SearchBarStyleMinimal" */;
			buildPhases = (
				2C50133018F4F15D007B9808 /* Sources */,
				2C50133118F4F15D007B9808 /* Frameworks */,
				2C50133218F4F15D007B9808 /* Resources */,
			);
			buildRules = (
			);
			dependencies = (
			);
			name = SearchBarStyleMinimal;
			productName = SearchBarStyleMinimal;
			productReference = 2C50133418F4F15D007B9808 /* SearchBarStyleMinimal.app */;
			productType = "com.apple.product-type.application";
		};
		2C50134E18F4F15D007B9808 /* SearchBarStyleMinimalTests */ = {
			isa = PBXNativeTarget;
			buildConfigurationList = 2C50136318F4F15D007B9808 /* Build configuration list for PBXNativeTarget "SearchBarStyleMinimalTests" */;
			buildPhases = (
				2C50134B18F4F15D007B9808 /* Sources */,
				2C50134C18F4F15D007B9808 /* Frameworks */,
				2C50134D18F4F15D007B9808 /* Resources */,
			);
			buildRules = (
			);
			dependencies = (
				2C50135518F4F15D007B9808 /* PBXTargetDependency */,
			);
			name = SearchBarStyleMinimalTests;
			productName = SearchBarStyleMinimalTests;
			productReference = 2C50134F18F4F15D007B9808 /* SearchBarStyleMinimalTests.xctest */;
			productType = "com.apple.product-type.bundle.unit-test";
		};
/* End PBXNativeTarget section */

/* Begin PBXProject section */
		2C50132C18F4F15D007B9808 /* Project object */ = {
			isa = PBXProject;
			attributes = {
				CLASSPREFIX = YNG;
				LastUpgradeCheck = 0510;
				ORGANIZATIONNAME = "Paul Young";
				TargetAttributes = {
					2C50134E18F4F15D007B9808 = {
						TestTargetID = 2C50133318F4F15D007B9808;
					};
				};
			};
			buildConfigurationList = 2C50132F18F4F15D007B9808 /* Build configuration list for PBXProject "SearchBarStyleMinimal" */;
			compatibilityVersion = "Xcode 3.2";
			developmentRegion = English;
			hasScannedForEncodings = 0;
			knownRegions = (
				en,
			);
			mainGroup = 2C50132B18F4F15D007B9808;
			productRefGroup = 2C50133518F4F15D007B9808 /* Products */;
			projectDirPath = "";
			projectRoot = "";
			targets = (
				2C50133318F4F15D007B9808 /* SearchBarStyleMinimal */,
				2C50134E18F4F15D007B9808 /* SearchBarStyleMinimalTests */,
			);
		};
/* End PBXProject section */

/* Begin PBXResourcesBuildPhase section */
		2C50133218F4F15D007B9808 /* Resources */ = {
			isa = PBXResourcesBuildPhase;
			buildActionMask = 2147483647;
			files = (
				2C50134218F4F15D007B9808 /* InfoPlist.strings in Resources */,
				2C50134A18F4F15D007B9808 /* Images.xcassets in Resources */,
			);
			runOnlyForDeploymentPostprocessing = 0;
		};
		2C50134D18F4F15D007B9808 /* Resources */ = {
			isa = PBXResourcesBuildPhase;
			buildActionMask = 2147483647;
			files = (
				2C50135B18F4F15D007B9808 /* InfoPlist.strings in Resources */,
			);
			runOnlyForDeploymentPostprocessing = 0;
		};
/* End PBXResourcesBuildPhase section */

/* Begin PBXSourcesBuildPhase section */
		2C50133018F4F15D007B9808 /* Sources */ = {
			isa = PBXSourcesBuildPhase;
			buildActionMask = 2147483647;
			files = (
				2C50136818F4F196007B9808 /* YNGTableViewController.m in Sources */,
				2C50134418F4F15D007B9808 /* main.m in Sources */,
				2C50134818F4F15D007B9808 /* YNGAppDelegate.m in Sources */,
			);
			runOnlyForDeploymentPostprocessing = 0;
		};
		2C50134B18F4F15D007B9808 /* Sources */ = {
			isa = PBXSourcesBuildPhase;
			buildActionMask = 2147483647;
			files = (
				2C50135D18F4F15D007B9808 /* SearchBarStyleMinimalTests.m in Sources */,
			);
			runOnlyForDeploymentPostprocessing = 0;
		};
/* End PBXSourcesBuildPhase section */

/* Begin PBXTargetDependency section */
		2C50135518F4F15D007B9808 /* PBXTargetDependency */ = {
			isa = PBXTargetDependency;
			target = 2C50133318F4F15D007B9808 /* SearchBarStyleMinimal */;
			targetProxy = 2C50135418F4F15D007B9808 /* PBXContainerItemProxy */;
		};
/* End PBXTargetDependency section */

/* Begin PBXVariantGroup section */
		2C50134018F4F15D007B9808 /* InfoPlist.strings */ = {
			isa = PBXVariantGroup;
			children = (
				2C50134118F4F15D007B9808 /* en */,
			);
			name = InfoPlist.strings;
			sourceTree = "<group>";
		};
		2C50135918F4F15D007B9808 /* InfoPlist.strings */ = {
			isa = PBXVariantGroup;
			children = (
				2C50135A18F4F15D007B9808 /* en */,
			);
			name = InfoPlist.strings;
			sourceTree = "<group>";
		};
/* End PBXVariantGroup section */

/* Begin XCBuildConfiguration section */
		2C50135E18F4F15D007B9808 /* Debug */ = {
			isa = XCBuildConfiguration;
			buildSettings = {
				ALWAYS_SEARCH_USER_PATHS = NO;
				CLANG_CXX_LANGUAGE_STANDARD = "gnu++0x";
				CLANG_CXX_LIBRARY = "libc++";
				CLANG_ENABLE_MODULES = YES;
				CLANG_ENABLE_OBJC_ARC = YES;
				CLANG_WARN_BOOL_CONVERSION = YES;
				CLANG_WARN_CONSTANT_CONVERSION = YES;
				CLANG_WARN_DIRECT_OBJC_ISA_USAGE = YES_ERROR;
				CLANG_WARN_EMPTY_BODY = YES;
				CLANG_WARN_ENUM_CONVERSION = YES;
				CLANG_WARN_INT_CONVERSION = YES;
				CLANG_WARN_OBJC_ROOT_CLASS = YES_ERROR;
				CLANG_WARN__DUPLICATE_METHOD_MATCH = YES;
				"CODE_SIGN_IDENTITY[sdk=iphoneos*]" = "iPhone Developer";
				COPY_PHASE_STRIP = NO;
				GCC_C_LANGUAGE_STANDARD = gnu99;
				GCC_DYNAMIC_NO_PIC = NO;
				GCC_OPTIMIZATION_LEVEL = 0;
				GCC_PREPROCESSOR_DEFINITIONS = (
					"DEBUG=1",
					"$(inherited)",
				);
				GCC_SYMBOLS_PRIVATE_EXTERN = NO;
				GCC_WARN_64_TO_32_BIT_CONVERSION = YES;
				GCC_WARN_ABOUT_RETURN_TYPE = YES_ERROR;
				GCC_WARN_UNDECLARED_SELECTOR = YES;
				GCC_WARN_UNINITIALIZED_AUTOS = YES_AGGRESSIVE;
				GCC_WARN_UNUSED_FUNCTION = YES;
				GCC_WARN_UNUSED_VARIABLE = YES;
				IPHONEOS_DEPLOYMENT_TARGET = 7.1;
				ONLY_ACTIVE_ARCH = YES;
				SDKROOT = iphoneos;
				TARGETED_DEVICE_FAMILY = "1,2";
			};
			name = Debug;
		};
		2C50135F18F4F15D007B9808 /* Release */ = {
			isa = XCBuildConfiguration;
			buildSettings = {
				ALWAYS_SEARCH_USER_PATHS = NO;
				CLANG_CXX_LANGUAGE_STANDARD = "gnu++0x";
				CLANG_CXX_LIBRARY = "libc++";
				CLANG_ENABLE_MODULES = YES;
				CLANG_ENABLE_OBJC_ARC = YES;
				CLANG_WARN_BOOL_CONVERSION = YES;
				CLANG_WARN_CONSTANT_CONVERSION = YES;
				CLANG_WARN_DIRECT_OBJC_ISA_USAGE = YES_ERROR;
				CLANG_WARN_EMPTY_BODY = YES;
				CLANG_WARN_ENUM_CONVERSION = YES;
				CLANG_WARN_INT_CONVERSION = YES;
				CLANG_WARN_OBJC_ROOT_CLASS = YES_ERROR;
				CLANG_WARN__DUPLICATE_METHOD_MATCH = YES;
				"CODE_SIGN_IDENTITY[sdk=iphoneos*]" = "iPhone Developer";
				COPY_PHASE_STRIP = YES;
				ENABLE_NS_ASSERTIONS = NO;
				GCC_C_LANGUAGE_STANDARD = gnu99;
				GCC_WARN_64_TO_32_BIT_CONVERSION = YES;
				GCC_WARN_ABOUT_RETURN_TYPE = YES_ERROR;
				GCC_WARN_UNDECLARED_SELECTOR = YES;
				GCC_WARN_UNINITIALIZED_AUTOS = YES_AGGRESSIVE;
				GCC_WARN_UNUSED_FUNCTION = YES;
				GCC_WARN_UNUSED_VARIABLE = YES;
				IPHONEOS_DEPLOYMENT_TARGET = 7.1;
				SDKROOT = iphoneos;
				TARGETED_DEVICE_FAMILY = "1,2";
				VALIDATE_PRODUCT = YES;
			};
			name = Release;
		};
		2C50136118F4F15D007B9808 /* Debug */ = {
			isa = XCBuildConfiguration;
			buildSettings = {
				ASSETCATALOG_COMPILER_APPICON_NAME = AppIcon;
				ASSETCATALOG_COMPILER_LAUNCHIMAGE_NAME = LaunchImage;
				GCC_PRECOMPILE_PREFIX_HEADER = YES;
				GCC_PREFIX_HEADER = "SearchBarStyleMinimal/SearchBarStyleMinimal-Prefix.pch";
				INFOPLIST_FILE = "SearchBarStyleMinimal/SearchBarStyleMinimal-Info.plist";
				PRODUCT_NAME = "$(TARGET_NAME)";
				WRAPPER_EXTENSION = app;
			};
			name = Debug;
		};
		2C50136218F4F15D007B9808 /* Release */ = {
			isa = XCBuildConfiguration;
			buildSettings = {
				ASSETCATALOG_COMPILER_APPICON_NAME = AppIcon;
				ASSETCATALOG_COMPILER_LAUNCHIMAGE_NAME = LaunchImage;
				GCC_PRECOMPILE_PREFIX_HEADER = YES;
				GCC_PREFIX_HEADER = "SearchBarStyleMinimal/SearchBarStyleMinimal-Prefix.pch";
				INFOPLIST_FILE = "SearchBarStyleMinimal/SearchBarStyleMinimal-Info.plist";
				PRODUCT_NAME = "$(TARGET_NAME)";
				WRAPPER_EXTENSION = app;
			};
			name = Release;
		};
		2C50136418F4F15D007B9808 /* Debug */ = {
			isa = XCBuildConfiguration;
			buildSettings = {
				BUNDLE_LOADER = "$(BUILT_PRODUCTS_DIR)/SearchBarStyleMinimal.app/SearchBarStyleMinimal";
				FRAMEWORK_SEARCH_PATHS = (
					"$(SDKROOT)/Developer/Library/Frameworks",
					"$(inherited)",
					"$(DEVELOPER_FRAMEWORKS_DIR)",
				);
				GCC_PRECOMPILE_PREFIX_HEADER = YES;
				GCC_PREFIX_HEADER = "SearchBarStyleMinimal/SearchBarStyleMinimal-Prefix.pch";
				GCC_PREPROCESSOR_DEFINITIONS = (
					"DEBUG=1",
					"$(inherited)",
				);
				INFOPLIST_FILE = "SearchBarStyleMinimalTests/SearchBarStyleMinimalTests-Info.plist";
				PRODUCT_NAME = "$(TARGET_NAME)";
				TEST_HOST = "$(BUNDLE_LOADER)";
				WRAPPER_EXTENSION = xctest;
			};
			name = Debug;
		};
		2C50136518F4F15D007B9808 /* Release */ = {
			isa = XCBuildConfiguration;
			buildSettings = {
				BUNDLE_LOADER = "$(BUILT_PRODUCTS_DIR)/SearchBarStyleMinimal.app/SearchBarStyleMinimal";
				FRAMEWORK_SEARCH_PATHS = (
					"$(SDKROOT)/Developer/Library/Frameworks",
					"$(inherited)",
					"$(DEVELOPER_FRAMEWORKS_DIR)",
				);
				GCC_PRECOMPILE_PREFIX_HEADER = YES;
				GCC_PREFIX_HEADER = "SearchBarStyleMinimal/SearchBarStyleMinimal-Prefix.pch";
				INFOPLIST_FILE = "SearchBarStyleMinimalTests/SearchBarStyleMinimalTests-Info.plist";
				PRODUCT_NAME = "$(TARGET_NAME)";
				TEST_HOST = "$(BUNDLE_LOADER)";
				WRAPPER_EXTENSION = xctest;
			};
			name = Release;
		};
/* End XCBuildConfiguration section */

/* Begin XCConfigurationList section */
		2C50132F18F4F15D007B9808 /* Build configuration list for PBXProject "SearchBarStyleMinimal" */ = {
			isa = XCConfigurationList;
			buildConfigurations = (
				2C50135E18F4F15D007B9808 /* Debug */,
				2C50135F18F4F15D007B9808 /* Release */,
			);
			defaultConfigurationIsVisible = 0;
			defaultConfigurationName = Release;
		};
		2C50136018F4F15D007B9808 /* Build configuration list for PBXNativeTarget "SearchBarStyleMinimal" */ = {
			isa = XCConfigurationList;
			buildConfigurations = (
				2C50136118F4F15D007B9808 /* Debug */,
				2C50136218F4F15D007B9808 /* Release */,
			);
			defaultConfigurationIsVisible = 0;
		};
		2C50136318F4F15D007B9808 /* Build configuration list for PBXNativeTarget "SearchBarStyleMinimalTests" */ = {
			isa = XCConfigurationList;
			buildConfigurations = (
				2C50136418F4F15D007B9808 /* Debug */,
				2C50136518F4F15D007B9808 /* Release */,
			);
			defaultConfigurationIsVisible = 0;
		};
/* End XCConfigurationList section */
	};
	rootObject = 2C50132C18F4F15D007B9808 /* Project object */;
}
